lockfile_version: '1'
generated_at: '2026-09-15T14:24:10.677819+00:00'
apm_version: 0.14.0
dependencies:
- repo_url: Faithlife/RepoConventions
  host: github.com
  resolved_commit: 82354769dca666351ae1e85992748d1acbb7b2af
  virtual_path: skills/repo-conventions
  is_virtual: true
  package_type: claude_skill
  deployed_files:
  - .agents/skills/repo-conventions
  content_hash: sha256:6e4dc45d96d7adc8f1d3e3300d9ee90eef9c2d0231ea83ad86fed64fca105034
- repo_url: richlander/dotnet-inspect
  host: github.com
  resolved_commit: ff3b6cc586a5e4e76cf972acb0689a0f321a9ac3
  virtual_path: skills/dotnet-inspect
  is_virtual: true
  package_type: claude_skill
  deployed_files:
  - .agents/skills/dotnet-inspect
  content_hash: sha256:9a040c2d642add8e8a9bba298d34a931b7ecad4ceab8ed8902dc63a0b01df7c9
