
Microsoft Visual Studio Solution File, Format Version 12.00
# Visual Studio 15
VisualStudioVersion = 15.0.26124.0
MinimumVisualStudioVersion = 15.0.26124.0
Project("{FAE04EC0-301F-11D3-BF4B-00C04F79EFBC}") = "Facility.LanguageServer", "src\Facility.LanguageServer\Facility.LanguageServer.csproj", "{F4447045-21D6-4D1A-A7DE-6DC7DE5372FF}"
EndProject
Project("{FAE04EC0-301F-11D3-BF4B-00C04F79EFBC}") = "Build", "tools\Build\Build.csproj", "{4BE6C945-18C3-4FCD-8BF1-4E94C18647C0}"
EndProject
Global
	GlobalSection(SolutionConfigurationPlatforms) = preSolution
		Debug|Any CPU = Debug|Any CPU
		Release|Any CPU = Release|Any CPU
	EndGlobalSection
	GlobalSection(SolutionProperties) = preSolution
		HideSolutionNode = FALSE
	EndGlobalSection
	GlobalSection(ProjectConfigurationPlatforms) = postSolution
		{F4447045-21D6-4D1A-A7DE-6DC7DE5372FF}.Debug|Any CPU.ActiveCfg = Debug|Any CPU
		{F4447045-21D6-4D1A-A7DE-6DC7DE5372FF}.Debug|Any CPU.Build.0 = Debug|Any CPU
		{F4447045-21D6-4D1A-A7DE-6DC7DE5372FF}.Release|Any CPU.ActiveCfg = Release|Any CPU
		{F4447045-21D6-4D1A-A7DE-6DC7DE5372FF}.Release|Any CPU.Build.0 = Release|Any CPU
		{4BE6C945-18C3-4FCD-8BF1-4E94C18647C0}.Debug|Any CPU.ActiveCfg = Debug|Any CPU
		{4BE6C945-18C3-4FCD-8BF1-4E94C18647C0}.Debug|Any CPU.Build.0 = Debug|Any CPU
		{4BE6C945-18C3-4FCD-8BF1-4E94C18647C0}.Release|Any CPU.ActiveCfg = Release|Any CPU
		{4BE6C945-18C3-4FCD-8BF1-4E94C18647C0}.Release|Any CPU.Build.0 = Release|Any CPU
	EndGlobalSection
EndGlobal
